
Microsoft Visual Studio Solution File, Format Version 12.00
# Visual Studio Version 16
VisualStudioVersion = 25.0.1705.0
MinimumVisualStudioVersion = 10.0.40219.1
Project("{FAE04EC0-301F-11D3-BF4B-00C04F79EFBC}") = "OopTest", "OopTest.csproj", "{34D39EED-421B-4A22-A27E-3A46645A55F3}"
EndProject
Global
	GlobalSection(SolutionConfigurationPlatforms) = preSolution
		Debug|Any CPU = Debug|Any CPU
		Release|Any CPU = Release|Any CPU
	EndGlobalSection
	GlobalSection(ProjectConfigurationPlatforms) = postSolution
		{34D39EED-421B-4A22-A27E-3A46645A55F3}.Debug|Any CPU.ActiveCfg = Debug|Any CPU
		{34D39EED-421B-4A22-A27E-3A46645A55F3}.Debug|Any CPU.Build.0 = Debug|Any CPU
		{34D39EED-421B-4A22-A27E-3A46645A55F3}.Release|Any CPU.ActiveCfg = Release|Any CPU
		{34D39EED-421B-4A22-A27E-3A46645A55F3}.Release|Any CPU.Build.0 = Release|Any CPU
		{B606D80A-7C34-401C-A4C0-C9A96BFEB79B}.Debug|Any CPU.ActiveCfg = Debug|Any CPU
		{B606D80A-7C34-401C-A4C0-C9A96BFEB79B}.Debug|Any CPU.Build.0 = Debug|Any CPU
		{B606D80A-7C34-401C-A4C0-C9A96BFEB79B}.Release|Any CPU.ActiveCfg = Release|Any CPU
		{B606D80A-7C34-401C-A4C0-C9A96BFEB79B}.Release|Any CPU.Build.0 = Release|Any CPU
	EndGlobalSection
	GlobalSection(SolutionProperties) = preSolution
		HideSolutionNode = FALSE
	EndGlobalSection
	GlobalSection(ExtensibilityGlobals) = postSolution
		SolutionGuid = {EE0466BD-D5B1-4B22-A2DC-F5E12E186544}
	EndGlobalSection
EndGlobal
